// !$*UTF8*$!
{
	archiveVersion = 1;
	classes = {
	};
	objectVersion = 50;
	objects = {

/* Begin PBXBuildFile section */
		4A9F68A8257840CD00EE6869 /* AppDelegate.swift in Sources */ = {isa = PBXBuildFile; fileRef = 4A9F68A7257840CD00EE6869 /* AppDelegate.swift */; };
		4A9F68AA257840CD00EE6869 /* SceneDelegate.swift in Sources */ = {isa = PBXBuildFile; fileRef = 4A9F68A9257840CD00EE6869 /* SceneDelegate.swift */; };
		4A9F68AF257840CD00EE6869 /* Main.storyboard in Resources */ = {isa = PBXBuildFile; fileRef = 4A9F68AD257840CD00EE6869 /* Main.storyboard */; };
		4A9F68B1257840CE00EE6869 /* Assets.xcassets in Resources */ = {isa = PBXBuildFile; fileRef = 4A9F68B0257840CE00EE6869 /* Assets.xcassets */; };
		4A9F68B4257840CF00EE6869 /* LaunchScreen.storyboard in Resources */ = {isa = PBXBuildFile; fileRef = 4A9F68B2257840CF00EE6869 /* LaunchScreen.storyboard */; };
		4A9F68BF257840CF00EE6869 /* ZooProject7Tests.swift in Sources */ = {isa = PBXBuildFile; fileRef = 4A9F68BE257840CF00EE6869 /* ZooProject7Tests.swift */; };
		4A9F68CA257840CF00EE6869 /* ZooProject7UITests.swift in Sources */ = {isa = PBXBuildFile; fileRef = 4A9F68C9257840CF00EE6869 /* ZooProject7UITests.swift */; };
		4A9F68DB257840F800EE6869 /* MyAnimalClass.swift in Sources */ = {isa = PBXBuildFile; fileRef = 4A9F68DA257840F800EE6869 /* MyAnimalClass.swift */; };
		4A9F68E32578461300EE6869 /* MyTableViewController.swift in Sources */ = {isa = PBXBuildFile; fileRef = 4A9F68E22578461300EE6869 /* MyTableViewController.swift */; };
		4AA1F63E257D65DC0012277A /* AnimalDetailsViewController.swift in Sources */ = {isa = PBXBuildFile; fileRef = 4AA1F63D257D65DC0012277A /* AnimalDetailsViewController.swift */; };
/* End PBXBuildFile section */

/* Begin PBXContainerItemProxy section */
		4A9F68BB257840CF00EE6869 /* PBXContainerItemProxy */ = {
			isa = PBXContainerItemProxy;
			containerPortal = 4A9F689C257840CD00EE6869 /* Project object */;
			proxyType = 1;
			remoteGlobalIDString = 4A9F68A3257840CD00EE6869;
			remoteInfo = ZooProject7;
		};
		4A9F68C6257840CF00EE6869 /* PBXContainerItemProxy */ = {
			isa = PBXContainerItemProxy;
			containerPortal = 4A9F689C257840CD00EE6869 /* Project object */;
			proxyType = 1;
			remoteGlobalIDString = 4A9F68A3257840CD00EE6869;
			remoteInfo = ZooProject7;
		};
/* End PBXContainerItemProxy section */

/* Begin PBXFileReference section */
		4A9F68A4257840CD00EE6869 /* ZooProject7.app */ = {isa = PBXFileReference; explicitFileType = wrapper.application; includeInIndex = 0; path = ZooProject7.app; sourceTree = BUILT_PRODUCTS_DIR; };
		4A9F68A7257840CD00EE6869 /* AppDelegate.swift */ = {isa = PBXFileReference; lastKnownFileType = sourcecode.swift; path = AppDelegate.swift; sourceTree = "<group>"; };
		4A9F68A9257840CD00EE6869 /* SceneDelegate.swift */ = {isa = PBXFileReference; lastKnownFileType = sourcecode.swift; path = SceneDelegate.swift; sourceTree = "<group>"; };
		4A9F68AE257840CD00EE6869 /* Base */ = {isa = PBXFileReference; lastKnownFileType = file.storyboard; name = Base; path = Base.lproj/Main.storyboard; sourceTree = "<group>"; };
		4A9F68B0257840CE00EE6869 /* Assets.xcassets */ = {isa = PBXFileReference; lastKnownFileType = folder.assetcatalog; path = Assets.xcassets; sourceTree = "<group>"; };
		4A9F68B3257840CF00EE6869 /* Base */ = {isa = PBXFileReference; lastKnownFileType = file.storyboard; name = Base; path = Base.lproj/LaunchScreen.storyboard; sourceTree = "<group>"; };
		4A9F68B5257840CF00EE6869 /* Info.plist */ = {isa = PBXFileReference; lastKnownFileType = text.plist.xml; path = Info.plist; sourceTree = "<group>"; };
		4A9F68BA257840CF00EE6869 /* ZooProject7Tests.xctest */ = {isa = PBXFileReference; explicitFileType = wrapper.cfbundle; includeInIndex = 0; path = ZooProject7Tests.xctest; sourceTree = BUILT_PRODUCTS_DIR; };
		4A9F68BE257840CF00EE6869 /* ZooProject7Tests.swift */ = {isa = PBXFileReference; lastKnownFileType = sourcecode.swift; path = ZooProject7Tests.swift; sourceTree = "<group>"; };
		4A9F68C0257840CF00EE6869 /* Info.plist */ = {isa = PBXFileReference; lastKnownFileType = text.plist.xml; path = Info.plist; sourceTree = "<group>"; };
		4A9F68C5257840CF00EE6869 /* ZooProject7UITests.xctest */ = {isa = PBXFileReference; explicitFileType = wrapper.cfbundle; includeInIndex = 0; path = ZooProject7UITests.xctest; sourceTree = BUILT_PRODUCTS_DIR; };
		4A9F68C9257840CF00EE6869 /* ZooProject7UITests.swift */ = {isa = PBXFileReference; lastKnownFileType = sourcecode.swift; path = ZooProject7UITests.swift; sourceTree = "<group>"; };
		4A9F68CB257840CF00EE6869 /* Info.plist */ = {isa = PBXFileReference; lastKnownFileType = text.plist.xml; path = Info.plist; sourceTree = "<group>"; };
		4A9F68DA257840F800EE6869 /* MyAnimalClass.swift */ = {isa = PBXFileReference; lastKnownFileType = sourcecode.swift; path = MyAnimalClass.swift; sourceTree = "<group>"; };
		4A9F68E22578461300EE6869 /* MyTableViewController.swift */ = {isa = PBXFileReference; lastKnownFileType = sourcecode.swift; path = MyTableViewController.swift; sourceTree = "<group>"; };
		4AA1F63D257D65DC0012277A /* AnimalDetailsViewController.swift */ = {isa = PBXFileReference; lastKnownFileType = sourcecode.swift; path = AnimalDetailsViewController.swift; sourceTree = "<group>"; };
/* End PBXFileReference section */

/* Begin PBXFrameworksBuildPhase section */
		4A9F68A1257840CD00EE6869 /* Frameworks */ = {
			isa = PBXFrameworksBuildPhase;
			buildActionMask = 2147483647;
			files = (
			);
			runOnlyForDeploymentPostprocessing = 0;
		};
		4A9F68B7257840CF00EE6869 /* Frameworks */ = {
			isa = PBXFrameworksBuildPhase;
			buildActionMask = 2147483647;
			files = (
			);
			runOnlyForDeploymentPostprocessing = 0;
		};
		4A9F68C2257840CF00EE6869 /* Frameworks */ = {
			isa = PBXFrameworksBuildPhase;
			buildActionMask = 2147483647;
			files = (
			);
			runOnlyForDeploymentPostprocessing = 0;
		};
/* End PBXFrameworksBuildPhase section */

/* Begin PBXGroup section */
		4A9F689B257840CD00EE6869 = {
			isa = PBXGroup;
			children = (
				4A9F68DA257840F800EE6869 /* MyAnimalClass.swift */,
				4A9F68A6257840CD00EE6869 /* ZooProject7 */,
				4A9F68BD257840CF00EE6869 /* ZooProject7Tests */,
				4A9F68C8257840CF00EE6869 /* ZooProject7UITests */,
				4A9F68A5257840CD00EE6869 /* Products */,
			);
			sourceTree = "<group>";
		};
		4A9F68A5257840CD00EE6869 /* Products */ = {
			isa = PBXGroup;
			children = (
				4A9F68A4257840CD00EE6869 /* ZooProject7.app */,
				4A9F68BA257840CF00EE6869 /* ZooProject7Tests.xctest */,
				4A9F68C5257840CF00EE6869 /* ZooProject7UITests.xctest */,
			);
			name = Products;
			sourceTree = "<group>";
		};
		4A9F68A6257840CD00EE6869 /* ZooProject7 */ = {
			isa = PBXGroup;
			children = (
				4A9F68A7257840CD00EE6869 /* AppDelegate.swift */,
				4A9F68A9257840CD00EE6869 /* SceneDelegate.swift */,
				4A9F68E22578461300EE6869 /* MyTableViewController.swift */,
				4AA1F63D257D65DC0012277A /* AnimalDetailsViewController.swift */,
				4A9F68AD257840CD00EE6869 /* Main.storyboard */,
				4A9F68B0257840CE00EE6869 /* Assets.xcassets */,
				4A9F68B2257840CF00EE6869 /* LaunchScreen.storyboard */,
				4A9F68B5257840CF00EE6869 /* Info.plist */,
			);
			path = ZooProject7;
			sourceTree = "<group>";
		};
		4A9F68BD257840CF00EE6869 /* ZooProject7Tests */ = {
			isa = PBXGroup;
			children = (
				4A9F68BE257840CF00EE6869 /* ZooProject7Tests.swift */,
				4A9F68C0257840CF00EE6869 /* Info.plist */,
			);
			path = ZooProject7Tests;
			sourceTree = "<group>";
		};
		4A9F68C8257840CF00EE6869 /* ZooProject7UITests */ = {
			isa = PBXGroup;
			children = (
				4A9F68C9257840CF00EE6869 /* ZooProject7UITests.swift */,
				4A9F68CB257840CF00EE6869 /* Info.plist */,
			);
			path = ZooProject7UITests;
			sourceTree = "<group>";
		};
/* End PBXGroup section */

/* Begin PBXNativeTarget section */
		4A9F68A3257840CD00EE6869 /* ZooProject7 */ = {
			isa = PBXNativeTarget;
			buildConfigurationList = 4A9F68CE257840CF00EE6869 /* Build configuration list for PBXNativeTarget "ZooProject7" */;
			buildPhases = (
				4A9F68A0257840CD00EE6869 /* Sources */,
				4A9F68A1257840CD00EE6869 /* Frameworks */,
				4A9F68A2257840CD00EE6869 /* Resources */,
			);
			buildRules = (
			);
			dependencies = (
			);
			name = ZooProject7;
			productName = ZooProject7;
			productReference = 4A9F68A4257840CD00EE6869 /* ZooProject7.app */;
			productType = "com.apple.product-type.application";
		};
		4A9F68B9257840CF00EE6869 /* ZooProject7Tests */ = {
			isa = PBXNativeTarget;
			buildConfigurationList = 4A9F68D1257840CF00EE6869 /* Build configuration list for PBXNativeTarget "ZooProject7Tests" */;
			buildPhases = (
				4A9F68B6257840CF00EE6869 /* Sources */,
				4A9F68B7257840CF00EE6869 /* Frameworks */,
				4A9F68B8257840CF00EE6869 /* Resources */,
			);
			buildRules = (
			);
			dependencies = (
				4A9F68BC257840CF00EE6869 /* PBXTargetDependency */,
			);
			name = ZooProject7Tests;
			productName = ZooProject7Tests;
			productReference = 4A9F68BA257840CF00EE6869 /* ZooProject7Tests.xctest */;
			productType = "com.apple.product-type.bundle.unit-test";
		};
		4A9F68C4257840CF00EE6869 /* ZooProject7UITests */ = {
			isa = PBXNativeTarget;
			buildConfigurationList = 4A9F68D4257840CF00EE6869 /* Build configuration list for PBXNativeTarget "ZooProject7UITests" */;
			buildPhases = (
				4A9F68C1257840CF00EE6869 /* Sources */,
				4A9F68C2257840CF00EE6869 /* Frameworks */,
				4A9F68C3257840CF00EE6869 /* Resources */,
			);
			buildRules = (
			);
			dependencies = (
				4A9F68C7257840CF00EE6869 /* PBXTargetDependency */,
			);
			name = ZooProject7UITests;
			productName = ZooProject7UITests;
			productReference = 4A9F68C5257840CF00EE6869 /* ZooProject7UITests.xctest */;
			productType = "com.apple.product-type.bundle.ui-testing";
		};
/* End PBXNativeTarget section */

/* Begin PBXProject section */
		4A9F689C257840CD00EE6869 /* Project object */ = {
			isa = PBXProject;
			attributes = {
				LastSwiftUpdateCheck = 1220;
				LastUpgradeCheck = 1220;
				TargetAttributes = {
					4A9F68A3257840CD00EE6869 = {
						CreatedOnToolsVersion = 12.2;
					};
					4A9F68B9257840CF00EE6869 = {
						CreatedOnToolsVersion = 12.2;
						TestTargetID = 4A9F68A3257840CD00EE6869;
					};
					4A9F68C4257840CF00EE6869 = {
						CreatedOnToolsVersion = 12.2;
						TestTargetID = 4A9F68A3257840CD00EE6869;
					};
				};
			};
			buildConfigurationList = 4A9F689F257840CD00EE6869 /* Build configuration list for PBXProject "ZooProject7" */;
			compatibilityVersion = "Xcode 9.3";
			developmentRegion = en;
			hasScannedForEncodings = 0;
			knownRegions = (
				en,
				Base,
			);
			mainGroup = 4A9F689B257840CD00EE6869;
			productRefGroup = 4A9F68A5257840CD00EE6869 /* Products */;
			projectDirPath = "";
			projectRoot = "";
			targets = (
				4A9F68A3257840CD00EE6869 /* ZooProject7 */,
				4A9F68B9257840CF00EE6869 /* ZooProject7Tests */,
				4A9F68C4257840CF00EE6869 /* ZooProject7UITests */,
			);
		};
/* End PBXProject section */

/* Begin PBXResourcesBuildPhase section */
		4A9F68A2257840CD00EE6869 /* Resources */ = {
			isa = PBXResourcesBuildPhase;
			buildActionMask = 2147483647;
			files = (
				4A9F68B4257840CF00EE6869 /* LaunchScreen.storyboard in Resources */,
				4A9F68B1257840CE00EE6869 /* Assets.xcassets in Resources */,
				4A9F68AF257840CD00EE6869 /* Main.storyboard in Resources */,
			);
			runOnlyForDeploymentPostprocessing = 0;
		};
		4A9F68B8257840CF00EE6869 /* Resources */ = {
			isa = PBXResourcesBuildPhase;
			buildActionMask = 2147483647;
			files = (
			);
			runOnlyForDeploymentPostprocessing = 0;
		};
		4A9F68C3257840CF00EE6869 /* Resources */ = {
			isa = PBXResourcesBuildPhase;
			buildActionMask = 2147483647;
			files = (
			);
			runOnlyForDeploymentPostprocessing = 0;
		};
/* End PBXResourcesBuildPhase section */

/* Begin PBXSourcesBuildPhase section */
		4A9F68A0257840CD00EE6869 /* Sources */ = {
			isa = PBXSourcesBuildPhase;
			buildActionMask = 2147483647;
			files = (
				4A9F68DB257840F800EE6869 /* MyAnimalClass.swift in Sources */,
				4A9F68A8257840CD00EE6869 /* AppDelegate.swift in Sources */,
				4A9F68AA257840CD00EE6869 /* SceneDelegate.swift in Sources */,
				4A9F68E32578461300EE6869 /* MyTableViewController.swift in Sources */,
				4AA1F63E257D65DC0012277A /* AnimalDetailsViewController.swift in Sources */,
			);
			runOnlyForDeploymentPostprocessing = 0;
		};
		4A9F68B6257840CF00EE6869 /* Sources */ = {
			isa = PBXSourcesBuildPhase;
			buildActionMask = 2147483647;
			files = (
				4A9F68BF257840CF00EE6869 /* ZooProject7Tests.swift in Sources */,
			);
			runOnlyForDeploymentPostprocessing = 0;
		};
		4A9F68C1257840CF00EE6869 /* Sources */ = {
			isa = PBXSourcesBuildPhase;
			buildActionMask = 2147483647;
			files = (
				4A9F68CA257840CF00EE6869 /* ZooProject7UITests.swift in Sources */,
			);
			runOnlyForDeploymentPostprocessing = 0;
		};
/* End PBXSourcesBuildPhase section */

/* Begin PBXTargetDependency section */
		4A9F68BC257840CF00EE6869 /* PBXTargetDependency */ = {
			isa = PBXTargetDependency;
			target = 4A9F68A3257840CD00EE6869 /* ZooProject7 */;
			targetProxy = 4A9F68BB257840CF00EE6869 /* PBXContainerItemProxy */;
		};
		4A9F68C7257840CF00EE6869 /* PBXTargetDependency */ = {
			isa = PBXTargetDependency;
			target = 4A9F68A3257840CD00EE6869 /* ZooProject7 */;
			targetProxy = 4A9F68C6257840CF00EE6869 /* PBXContainerItemProxy */;
		};
/* End PBXTargetDependency section */

/* Begin PBXVariantGroup section */
		4A9F68AD257840CD00EE6869 /* Main.storyboard */ = {
			isa = PBXVariantGroup;
			children = (
				4A9F68AE257840CD00EE6869 /* Base */,
			);
			name = Main.storyboard;
			sourceTree = "<group>";
		};
		4A9F68B2257840CF00EE6869 /* LaunchScreen.storyboard */ = {
			isa = PBXVariantGroup;
			children = (
				4A9F68B3257840CF00EE6869 /* Base */,
			);
			name = LaunchScreen.storyboard;
			sourceTree = "<group>";
		};
/* End PBXVariantGroup section */

/* Begin XCBuildConfiguration section */
		4A9F68CC257840CF00EE6869 /* Debug */ = {
			isa = XCBuildConfiguration;
			buildSettings = {
				ALWAYS_SEARCH_USER_PATHS = NO;
				CLANG_ANALYZER_NONNULL = YES;
				CLANG_ANALYZER_NUMBER_OBJECT_CONVERSION = YES_AGGRESSIVE;
				CLANG_CXX_LANGUAGE_STANDARD = "gnu++14";
				CLANG_CXX_LIBRARY = "libc++";
				CLANG_ENABLE_MODULES = YES;
				CLANG_ENABLE_OBJC_ARC = YES;
				CLANG_ENABLE_OBJC_WEAK = YES;
				CLANG_WARN_BLOCK_CAPTURE_AUTORELEASING = YES;
				CLANG_WARN_BOOL_CONVERSION = YES;
				CLANG_WARN_COMMA = YES;
				CLANG_WARN_CONSTANT_CONVERSION = YES;
				CLANG_WARN_DEPRECATED_OBJC_IMPLEMENTATIONS = YES;
				CLANG_WARN_DIRECT_OBJC_ISA_USAGE = YES_ERROR;
				CLANG_WARN_DOCUMENTATION_COMMENTS = YES;
				CLANG_WARN_EMPTY_BODY = YES;
				CLANG_WARN_ENUM_CONVERSION = YES;
				CLANG_WARN_INFINITE_RECURSION = YES;
				CLANG_WARN_INT_CONVERSION = YES;
				CLANG_WARN_NON_LITERAL_NULL_CONVERSION = YES;
				CLANG_WARN_OBJC_IMPLICIT_RETAIN_SELF = YES;
				CLANG_WARN_OBJC_LITERAL_CONVERSION = YES;
				CLANG_WARN_OBJC_ROOT_CLASS = YES_ERROR;
				CLANG_WARN_QUOTED_INCLUDE_IN_FRAMEWORK_HEADER = YES;
				CLANG_WARN_RANGE_LOOP_ANALYSIS = YES;
				CLANG_WARN_STRICT_PROTOTYPES = YES;
				CLANG_WARN_SUSPICIOUS_MOVE = YES;
				CLANG_WARN_UNGUARDED_AVAILABILITY = YES_AGGRESSIVE;
				CLANG_WARN_UNREACHABLE_CODE = YES;
				CLANG_WARN__DUPLICATE_METHOD_MATCH = YES;
				COPY_PHASE_STRIP = NO;
				DEBUG_INFORMATION_FORMAT = dwarf;
				ENABLE_STRICT_OBJC_MSGSEND = YES;
				ENABLE_TESTABILITY = YES;
				GCC_C_LANGUAGE_STANDARD = gnu11;
				GCC_DYNAMIC_NO_PIC = NO;
				GCC_NO_COMMON_BLOCKS = YES;
				GCC_OPTIMIZATION_LEVEL = 0;
				GCC_PREPROCESSOR_DEFINITIONS = (
					"DEBUG=1",
					"$(inherited)",
				);
				GCC_WARN_64_TO_32_BIT_CONVERSION = YES;
				GCC_WARN_ABOUT_RETURN_TYPE = YES_ERROR;
				GCC_WARN_UNDECLARED_SELECTOR = YES;
				GCC_WARN_UNINITIALIZED_AUTOS = YES_AGGRESSIVE;
				GCC_WARN_UNUSED_FUNCTION = YES;
				GCC_WARN_UNUSED_VARIABLE = YES;
				IPHONEOS_DEPLOYMENT_TARGET = 14.2;
				MTL_ENABLE_DEBUG_INFO = INCLUDE_SOURCE;
				MTL_FAST_MATH = YES;
				ONLY_ACTIVE_ARCH = YES;
				SDKROOT = iphoneos;
				SWIFT_ACTIVE_COMPILATION_CONDITIONS = DEBUG;
				SWIFT_OPTIMIZATION_LEVEL = "-Onone";
			};
			name = Debug;
		};
		4A9F68CD257840CF00EE6869 /* Release */ = {
			isa = XCBuildConfiguration;
			buildSettings = {
				ALWAYS_SEARCH_USER_PATHS = NO;
				CLANG_ANALYZER_NONNULL = YES;
				CLANG_ANALYZER_NUMBER_OBJECT_CONVERSION = YES_AGGRESSIVE;
				CLANG_CXX_LANGUAGE_STANDARD = "gnu++14";
				CLANG_CXX_LIBRARY = "libc++";
				CLANG_ENABLE_MODULES = YES;
				CLANG_ENABLE_OBJC_ARC = YES;
				CLANG_ENABLE_OBJC_WEAK = YES;
				CLANG_WARN_BLOCK_CAPTURE_AUTORELEASING = YES;
				CLANG_WARN_BOOL_CONVERSION = YES;
				CLANG_WARN_COMMA = YES;
				CLANG_WARN_CONSTANT_CONVERSION = YES;
				CLANG_WARN_DEPRECATED_OBJC_IMPLEMENTATIONS = YES;
				CLANG_WARN_DIRECT_OBJC_ISA_USAGE = YES_ERROR;
				CLANG_WARN_DOCUMENTATION_COMMENTS = YES;
				CLANG_WARN_EMPTY_BODY = YES;
				CLANG_WARN_ENUM_CONVERSION = YES;
				CLANG_WARN_INFINITE_RECURSION = YES;
				CLANG_WARN_INT_CONVERSION = YES;
				CLANG_WARN_NON_LITERAL_NULL_CONVERSION = YES;
				CLANG_WARN_OBJC_IMPLICIT_RETAIN_SELF = YES;
				CLANG_WARN_OBJC_LITERAL_CONVERSION = YES;
				CLANG_WARN_OBJC_ROOT_CLASS = YES_ERROR;
				CLANG_WARN_QUOTED_INCLUDE_IN_FRAMEWORK_HEADER = YES;
				CLANG_WARN_RANGE_LOOP_ANALYSIS = YES;
				CLANG_WARN_STRICT_PROTOTYPES = YES;
				CLANG_WARN_SUSPICIOUS_MOVE = YES;
				CLANG_WARN_UNGUARDED_AVAILABILITY = YES_AGGRESSIVE;
				CLANG_WARN_UNREACHABLE_CODE = YES;
				CLANG_WARN__DUPLICATE_METHOD_MATCH = YES;
				COPY_PHASE_STRIP = NO;
				DEBUG_INFORMATION_FORMAT = "dwarf-with-dsym";
				ENABLE_NS_ASSERTIONS = NO;
				ENABLE_STRICT_OBJC_MSGSEND = YES;
				GCC_C_LANGUAGE_STANDARD = gnu11;
				GCC_NO_COMMON_BLOCKS = YES;
				GCC_WARN_64_TO_32_BIT_CONVERSION = YES;
				GCC_WARN_ABOUT_RETURN_TYPE = YES_ERROR;
				GCC_WARN_UNDECLARED_SELECTOR = YES;
				GCC_WARN_UNINITIALIZED_AUTOS = YES_AGGRESSIVE;
				GCC_WARN_UNUSED_FUNCTION = YES;
				GCC_WARN_UNUSED_VARIABLE = YES;
				IPHONEOS_DEPLOYMENT_TARGET = 14.2;
				MTL_ENABLE_DEBUG_INFO = NO;
				MTL_FAST_MATH = YES;
				SDKROOT = iphoneos;
				SWIFT_COMPILATION_MODE = wholemodule;
				SWIFT_OPTIMIZATION_LEVEL = "-O";
				VALIDATE_PRODUCT = YES;
			};
			name = Release;
		};
		4A9F68CF257840CF00EE6869 /* Debug */ = {
			isa = XCBuildConfiguration;
			buildSettings = {
				ASSETCATALOG_COMPILER_APPICON_NAME = AppIcon;
				ASSETCATALOG_COMPILER_GLOBAL_ACCENT_COLOR_NAME = AccentColor;
				CODE_SIGN_STYLE = Automatic;
				INFOPLIST_FILE = ZooProject7/Info.plist;
				IPHONEOS_DEPLOYMENT_TARGET = 13.6;
				LD_RUNPATH_SEARCH_PATHS = (
					"$(inherited)",
					"@executable_path/Frameworks",
				);
				PRODUCT_BUNDLE_IDENTIFIER = carloscastillo98.ZooProject7;
				PRODUCT_NAME = "$(TARGET_NAME)";
				SWIFT_VERSION = 5.0;
				TARGETED_DEVICE_FAMILY = "1,2";
			};
			name = Debug;
		};
		4A9F68D0257840CF00EE6869 /* Release */ = {
			isa = XCBuildConfiguration;
			buildSettings = {
				ASSETCATALOG_COMPILER_APPICON_NAME = AppIcon;
				ASSETCATALOG_COMPILER_GLOBAL_ACCENT_COLOR_NAME = AccentColor;
				CODE_SIGN_STYLE = Automatic;
				INFOPLIST_FILE = ZooProject7/Info.plist;
				IPHONEOS_DEPLOYMENT_TARGET = 13.6;
				LD_RUNPATH_SEARCH_PATHS = (
					"$(inherited)",
					"@executable_path/Frameworks",
				);
				PRODUCT_BUNDLE_IDENTIFIER = carloscastillo98.ZooProject7;
				PRODUCT_NAME = "$(TARGET_NAME)";
				SWIFT_VERSION = 5.0;
				TARGETED_DEVICE_FAMILY = "1,2";
			};
			name = Release;
		};
		4A9F68D2257840CF00EE6869 /* Debug */ = {
			isa = XCBuildConfiguration;
			buildSettings = {
				ALWAYS_EMBED_SWIFT_STANDARD_LIBRARIES = YES;
				BUNDLE_LOADER = "$(TEST_HOST)";
				CODE_SIGN_STYLE = Automatic;
				INFOPLIST_FILE = ZooProject7Tests/Info.plist;
				IPHONEOS_DEPLOYMENT_TARGET = 14.0;
				LD_RUNPATH_SEARCH_PATHS = (
					"$(inherited)",
					"@executable_path/Frameworks",
					"@loader_path/Frameworks",
				);
				PRODUCT_BUNDLE_IDENTIFIER = carloscastillo98.ZooProject7Tests;
				PRODUCT_NAME = "$(TARGET_NAME)";
				SWIFT_VERSION = 5.0;
				TARGETED_DEVICE_FAMILY = "1,2";
				TEST_HOST = "$(BUILT_PRODUCTS_DIR)/ZooProject7.app/ZooProject7";
			};
			name = Debug;
		};
		4A9F68D3257840CF00EE6869 /* Release */ = {
			isa = XCBuildConfiguration;
			buildSettings = {
				ALWAYS_EMBED_SWIFT_STANDARD_LIBRARIES = YES;
				BUNDLE_LOADER = "$(TEST_HOST)";
				CODE_SIGN_STYLE = Automatic;
				INFOPLIST_FILE = ZooProject7Tests/Info.plist;
				IPHONEOS_DEPLOYMENT_TARGET = 14.0;
				LD_RUNPATH_SEARCH_PATHS = (
					"$(inherited)",
					"@executable_path/Frameworks",
					"@loader_path/Frameworks",
				);
				PRODUCT_BUNDLE_IDENTIFIER = carloscastillo98.ZooProject7Tests;
				PRODUCT_NAME = "$(TARGET_NAME)";
				SWIFT_VERSION = 5.0;
				TARGETED_DEVICE_FAMILY = "1,2";
				TEST_HOST = "$(BUILT_PRODUCTS_DIR)/ZooProject7.app/ZooProject7";
			};
			name = Release;
		};
		4A9F68D5257840CF00EE6869 /* Debug */ = {
			isa = XCBuildConfiguration;
			buildSettings = {
				ALWAYS_EMBED_SWIFT_STANDARD_LIBRARIES = YES;
				CODE_SIGN_STYLE = Automatic;
				INFOPLIST_FILE = ZooProject7UITests/Info.plist;
				IPHONEOS_DEPLOYMENT_TARGET = 13.6;
				LD_RUNPATH_SEARCH_PATHS = (
					"$(inherited)",
					"@executable_path/Frameworks",
					"@loader_path/Frameworks",
				);
				PRODUCT_BUNDLE_IDENTIFIER = carloscastillo98.ZooProject7UITests;
				PRODUCT_NAME = "$(TARGET_NAME)";
				SWIFT_VERSION = 5.0;
				TARGETED_DEVICE_FAMILY = "1,2";
				TEST_TARGET_NAME = ZooProject7;
			};
			name = Debug;
		};
		4A9F68D6257840CF00EE6869 /* Release */ = {
			isa = XCBuildConfiguration;
			buildSettings = {
				ALWAYS_EMBED_SWIFT_STANDARD_LIBRARIES = YES;
				CODE_SIGN_STYLE = Automatic;
				INFOPLIST_FILE = ZooProject7UITests/Info.plist;
				IPHONEOS_DEPLOYMENT_TARGET = 13.6;
				LD_RUNPATH_SEARCH_PATHS = (
					"$(inherited)",
					"@executable_path/Frameworks",
					"@loader_path/Frameworks",
				);
				PRODUCT_BUNDLE_IDENTIFIER = carloscastillo98.ZooProject7UITests;
				PRODUCT_NAME = "$(TARGET_NAME)";
				SWIFT_VERSION = 5.0;
				TARGETED_DEVICE_FAMILY = "1,2";
				TEST_TARGET_NAME = ZooProject7;
			};
			name = Release;
		};
/* End XCBuildConfiguration section */

/* Begin XCConfigurationList section */
		4A9F689F257840CD00EE6869 /* Build configuration list for PBXProject "ZooProject7" */ = {
			isa = XCConfigurationList;
			buildConfigurations = (
				4A9F68CC257840CF00EE6869 /* Debug */,
				4A9F68CD257840CF00EE6869 /* Release */,
			);
			defaultConfigurationIsVisible = 0;
			defaultConfigurationName = Release;
		};
		4A9F68CE257840CF00EE6869 /* Build configuration list for PBXNativeTarget "ZooProject7" */ = {
			isa = XCConfigurationList;
			buildConfigurations = (
				4A9F68CF257840CF00EE6869 /* Debug */,
				4A9F68D0257840CF00EE6869 /* Release */,
			);
			defaultConfigurationIsVisible = 0;
			defaultConfigurationName = Release;
		};
		4A9F68D1257840CF00EE6869 /* Build configuration list for PBXNativeTarget "ZooProject7Tests" */ = {
			isa = XCConfigurationList;
			buildConfigurations = (
				4A9F68D2257840CF00EE6869 /* Debug */,
				4A9F68D3257840CF00EE6869 /* Release */,
			);
			defaultConfigurationIsVisible = 0;
			defaultConfigurationName = Release;
		};
		4A9F68D4257840CF00EE6869 /* Build configuration list for PBXNativeTarget "ZooProject7UITests" */ = {
			isa = XCConfigurationList;
			buildConfigurations = (
				4A9F68D5257840CF00EE6869 /* Debug */,
				4A9F68D6257840CF00EE6869 /* Release */,
			);
			defaultConfigurationIsVisible = 0;
			defaultConfigurationName = Release;
		};
/* End XCConfigurationList section */
	};
	rootObject = 4A9F689C257840CD00EE6869 /* Project object */;
}
